
Microsoft Visual Studio Solution File, Format Version 12.00
# Visual Studio Version 17
VisualStudioVersion = 17.5.002.0
MinimumVisualStudioVersion = 10.0.40219.1
Project("{9A19103F-16F7-4668-BE54-9A1E7A4F7556}") = "Knn", "Knn.csproj", "{7A34B013-1F96-478E-BA48-0CC68D51D0C0}"
EndProject
Global
	GlobalSection(SolutionConfigurationPlatforms) = preSolution
		Debug|Any CPU = Debug|Any CPU
		Release|Any CPU = Release|Any CPU
	EndGlobalSection
	GlobalSection(ProjectConfigurationPlatforms) = postSolution
		{7A34B013-1F96-478E-BA48-0CC68D51D0C0}.Debug|Any CPU.ActiveCfg = Debug|Any CPU
		{7A34B013-1F96-478E-BA48-0CC68D51D0C0}.Debug|Any CPU.Build.0 = Debug|Any CPU
		{7A34B013-1F96-478E-BA48-0CC68D51D0C0}.Release|Any CPU.ActiveCfg = Release|Any CPU
		{7A34B013-1F96-478E-BA48-0CC68D51D0C0}.Release|Any CPU.Build.0 = Release|Any CPU
	EndGlobalSection
	GlobalSection(SolutionProperties) = preSolution
		HideSolutionNode = FALSE
	EndGlobalSection
	GlobalSection(ExtensibilityGlobals) = postSolution
		SolutionGuid = {1866F172-86A7-48F0-905A-7AFC081BA77A}
	EndGlobalSection
EndGlobal
